
Microsoft Visual Studio Solution File, Format Version 12.00
# Visual Studio Version 17
VisualStudioVersion = 17.10.35027.167
MinimumVisualStudioVersion = 10.0.40219.1
Project("{FAE04EC0-301F-11D3-BF4B-00C04F79EFBC}") = "Api_FinTracker", "Api_FinTracker\Api_FinTracker.csproj", "{9C7BF571-7AA7-48D2-8438-A375FDF676AB}"
EndProject
Project("{FAE04EC0-301F-11D3-BF4B-00C04F79EFBC}") = "Data", "Data\Data.csproj", "{A8EDE050-5E93-4719-BBCC-1830E4652170}"
EndProject
Global
	GlobalSection(SolutionConfigurationPlatforms) = preSolution
		Debug|Any CPU = Debug|Any CPU
		Release|Any CPU = Release|Any CPU
	EndGlobalSection
	GlobalSection(ProjectConfigurationPlatforms) = postSolution
		{9C7BF571-7AA7-48D2-8438-A375FDF676AB}.Debug|Any CPU.ActiveCfg = Debug|Any CPU
		{9C7BF571-7AA7-48D2-8438-A375FDF676AB}.Debug|Any CPU.Build.0 = Debug|Any CPU
		{9C7BF571-7AA7-48D2-8438-A375FDF676AB}.Release|Any CPU.ActiveCfg = Release|Any CPU
		{9C7BF571-7AA7-48D2-8438-A375FDF676AB}.Release|Any CPU.Build.0 = Release|Any CPU
		{A8EDE050-5E93-4719-BBCC-1830E4652170}.Debug|Any CPU.ActiveCfg = Debug|Any CPU
		{A8EDE050-5E93-4719-BBCC-1830E4652170}.Debug|Any CPU.Build.0 = Debug|Any CPU
		{A8EDE050-5E93-4719-BBCC-1830E4652170}.Release|Any CPU.ActiveCfg = Release|Any CPU
		{A8EDE050-5E93-4719-BBCC-1830E4652170}.Release|Any CPU.Build.0 = Release|Any CPU
	EndGlobalSection
	GlobalSection(SolutionProperties) = preSolution
		HideSolutionNode = FALSE
	EndGlobalSection
	GlobalSection(ExtensibilityGlobals) = postSolution
		SolutionGuid = {4F7CBB54-640D-47AA-8F47-8A5E94BBF2DE}
	EndGlobalSection
EndGlobal
